
Microsoft Visual Studio Solution File, Format Version 12.00
# Visual Studio Version 17
VisualStudioVersion = 17.1.32328.378
MinimumVisualStudioVersion = 10.0.40219.1
Project("{8BC9CEB8-8B4A-11D0-8D11-00A0C91BC942}") = "bst", "bst\bst.vcxproj", "{725F3AAE-A655-49BD-A99F-D80F64AC9EF5}"
EndProject
Global
	GlobalSection(SolutionConfigurationPlatforms) = preSolution
		Debug|x64 = Debug|x64
		Debug|x86 = Debug|x86
		Release|x64 = Release|x64
		Release|x86 = Release|x86
	EndGlobalSection
	GlobalSection(ProjectConfigurationPlatforms) = postSolution
		{725F3AAE-A655-49BD-A99F-D80F64AC9EF5}.Debug|x64.ActiveCfg = Debug|x64
		{725F3AAE-A655-49BD-A99F-D80F64AC9EF5}.Debug|x64.Build.0 = Debug|x64
		{725F3AAE-A655-49BD-A99F-D80F64AC9EF5}.Debug|x86.ActiveCfg = Debug|Win32
		{725F3AAE-A655-49BD-A99F-D80F64AC9EF5}.Debug|x86.Build.0 = Debug|Win32
		{725F3AAE-A655-49BD-A99F-D80F64AC9EF5}.Release|x64.ActiveCfg = Release|x64
		{725F3AAE-A655-49BD-A99F-D80F64AC9EF5}.Release|x64.Build.0 = Release|x64
		{725F3AAE-A655-49BD-A99F-D80F64AC9EF5}.Release|x86.ActiveCfg = Release|Win32
		{725F3AAE-A655-49BD-A99F-D80F64AC9EF5}.Release|x86.Build.0 = Release|Win32
	EndGlobalSection
	GlobalSection(SolutionProperties) = preSolution
		HideSolutionNode = FALSE
	EndGlobalSection
	GlobalSection(ExtensibilityGlobals) = postSolution
		SolutionGuid = {AF1A776F-6C2B-41A4-8847-AB5EF42BF30F}
	EndGlobalSection
EndGlobal
